{
  "name": "usps-abbreviations",
  "version": "0.0.1",
  "lockfileVersion": 1,
  "requires": true,
  "dependencies": {
    "ucwords": {
      "version": "1.0.5",
      "resolved": "https://registry.npmjs.org/ucwords/-/ucwords-1.0.5.tgz",
      "integrity": "sha1-SXPNxsqz5fT/PpZokQ1brjc/k6I="
    }
  }
}
